// !$*UTF8*$!
{
	archiveVersion = 1;
	classes = {
	};
	objectVersion = 50;
	objects = {

/* Begin PBXBuildFile section */
		DD42CD3726CECD25006633D5 /* PaletteStore.swift in Sources */ = {isa = PBXBuildFile; fileRef = DD42CD3626CECD25006633D5 /* PaletteStore.swift */; };
		DD42CD3A26D42BB4006633D5 /* PaletteChooser.swift in Sources */ = {isa = PBXBuildFile; fileRef = DD42CD3926D42BB4006633D5 /* PaletteChooser.swift */; };
		DD42CD3D26D4B43A006633D5 /* PaletteEditor.swift in Sources */ = {isa = PBXBuildFile; fileRef = DD42CD3C26D4B43A006633D5 /* PaletteEditor.swift */; };
		DD42CD4026D57B05006633D5 /* PaletteManager.swift in Sources */ = {isa = PBXBuildFile; fileRef = DD42CD3F26D57B05006633D5 /* PaletteManager.swift */; };
		DDA3515426A78FCD0075248B /* EmojiArtDocument.swift in Sources */ = {isa = PBXBuildFile; fileRef = DDA3515326A78FCD0075248B /* EmojiArtDocument.swift */; };
		DDA3515826A87F1B0075248B /* UtilityExtensions.swift in Sources */ = {isa = PBXBuildFile; fileRef = DDA3515626A87F1B0075248B /* UtilityExtensions.swift */; };
		DDA3515926A87F1B0075248B /* UtilityViews.swift in Sources */ = {isa = PBXBuildFile; fileRef = DDA3515726A87F1B0075248B /* UtilityViews.swift */; };
		DDB130CB26A78A2900AAF0BD /* EmojiArtApp.swift in Sources */ = {isa = PBXBuildFile; fileRef = DDB130CA26A78A2900AAF0BD /* EmojiArtApp.swift */; };
		DDB130CD26A78A2900AAF0BD /* EmojiArtDocumentView.swift in Sources */ = {isa = PBXBuildFile; fileRef = DDB130CC26A78A2900AAF0BD /* EmojiArtDocumentView.swift */; };
		DDB130CF26A78A2900AAF0BD /* Assets.xcassets in Resources */ = {isa = PBXBuildFile; fileRef = DDB130CE26A78A2900AAF0BD /* Assets.xcassets */; };
		DDB130D226A78A2900AAF0BD /* Preview Assets.xcassets in Resources */ = {isa = PBXBuildFile; fileRef = DDB130D126A78A2900AAF0BD /* Preview Assets.xcassets */; };
		DDB130DB26A78A4600AAF0BD /* EmojiArtModel.swift in Sources */ = {isa = PBXBuildFile; fileRef = DDB130DA26A78A4600AAF0BD /* EmojiArtModel.swift */; };
		DDB130DE26A78CFC00AAF0BD /* EmojiArtModel.Background.swift in Sources */ = {isa = PBXBuildFile; fileRef = DDB130DD26A78CFC00AAF0BD /* EmojiArtModel.Background.swift */; };
/* End PBXBuildFile section */

/* Begin PBXFileReference section */
		DD42CD3626CECD25006633D5 /* PaletteStore.swift */ = {isa = PBXFileReference; lastKnownFileType = sourcecode.swift; path = PaletteStore.swift; sourceTree = "<group>"; };
		DD42CD3926D42BB4006633D5 /* PaletteChooser.swift */ = {isa = PBXFileReference; lastKnownFileType = sourcecode.swift; path = PaletteChooser.swift; sourceTree = "<group>"; };
		DD42CD3C26D4B43A006633D5 /* PaletteEditor.swift */ = {isa = PBXFileReference; lastKnownFileType = sourcecode.swift; path = PaletteEditor.swift; sourceTree = "<group>"; };
		DD42CD3F26D57B05006633D5 /* PaletteManager.swift */ = {isa = PBXFileReference; lastKnownFileType = sourcecode.swift; path = PaletteManager.swift; sourceTree = "<group>"; };
		DDA3515326A78FCD0075248B /* EmojiArtDocument.swift */ = {isa = PBXFileReference; lastKnownFileType = sourcecode.swift; path = EmojiArtDocument.swift; sourceTree = "<group>"; };
		DDA3515626A87F1B0075248B /* UtilityExtensions.swift */ = {isa = PBXFileReference; fileEncoding = 4; lastKnownFileType = sourcecode.swift; path = UtilityExtensions.swift; sourceTree = "<group>"; };
		DDA3515726A87F1B0075248B /* UtilityViews.swift */ = {isa = PBXFileReference; fileEncoding = 4; lastKnownFileType = sourcecode.swift; path = UtilityViews.swift; sourceTree = "<group>"; };
		DDB130C726A78A2900AAF0BD /* EmojiArt.app */ = {isa = PBXFileReference; explicitFileType = wrapper.application; includeInIndex = 0; path = EmojiArt.app; sourceTree = BUILT_PRODUCTS_DIR; };
		DDB130CA26A78A2900AAF0BD /* EmojiArtApp.swift */ = {isa = PBXFileReference; lastKnownFileType = sourcecode.swift; path = EmojiArtApp.swift; sourceTree = "<group>"; };
		DDB130CC26A78A2900AAF0BD /* EmojiArtDocumentView.swift */ = {isa = PBXFileReference; lastKnownFileType = sourcecode.swift; path = EmojiArtDocumentView.swift; sourceTree = "<group>"; };
		DDB130CE26A78A2900AAF0BD /* Assets.xcassets */ = {isa = PBXFileReference; lastKnownFileType = folder.assetcatalog; path = Assets.xcassets; sourceTree = "<group>"; };
		DDB130D126A78A2900AAF0BD /* Preview Assets.xcassets */ = {isa = PBXFileReference; lastKnownFileType = folder.assetcatalog; path = "Preview Assets.xcassets"; sourceTree = "<group>"; };
		DDB130D326A78A2900AAF0BD /* Info.plist */ = {isa = PBXFileReference; lastKnownFileType = text.plist.xml; path = Info.plist; sourceTree = "<group>"; };
		DDB130DA26A78A4600AAF0BD /* EmojiArtModel.swift */ = {isa = PBXFileReference; lastKnownFileType = sourcecode.swift; path = EmojiArtModel.swift; sourceTree = "<group>"; };
		DDB130DD26A78CFC00AAF0BD /* EmojiArtModel.Background.swift */ = {isa = PBXFileReference; lastKnownFileType = sourcecode.swift; path = EmojiArtModel.Background.swift; sourceTree = "<group>"; };
/* End PBXFileReference section */

/* Begin PBXFrameworksBuildPhase section */
		DDB130C426A78A2900AAF0BD /* Frameworks */ = {
			isa = PBXFrameworksBuildPhase;
			buildActionMask = 2147483647;
			files = (
			);
			runOnlyForDeploymentPostprocessing = 0;
		};
/* End PBXFrameworksBuildPhase section */

/* Begin PBXGroup section */
		DDB130BE26A78A2800AAF0BD = {
			isa = PBXGroup;
			children = (
				DDB130C926A78A2900AAF0BD /* EmojiArt */,
				DDB130C826A78A2900AAF0BD /* Products */,
			);
			sourceTree = "<group>";
		};
		DDB130C826A78A2900AAF0BD /* Products */ = {
			isa = PBXGroup;
			children = (
				DDB130C726A78A2900AAF0BD /* EmojiArt.app */,
			);
			name = Products;
			sourceTree = "<group>";
		};
		DDB130C926A78A2900AAF0BD /* EmojiArt */ = {
			isa = PBXGroup;
			children = (
				DDB130CA26A78A2900AAF0BD /* EmojiArtApp.swift */,
				DDB130CC26A78A2900AAF0BD /* EmojiArtDocumentView.swift */,
				DD42CD3926D42BB4006633D5 /* PaletteChooser.swift */,
				DD42CD3C26D4B43A006633D5 /* PaletteEditor.swift */,
				DD42CD3F26D57B05006633D5 /* PaletteManager.swift */,
				DD42CD3626CECD25006633D5 /* PaletteStore.swift */,
				DDB130DA26A78A4600AAF0BD /* EmojiArtModel.swift */,
				DDA3515326A78FCD0075248B /* EmojiArtDocument.swift */,
				DDB130DD26A78CFC00AAF0BD /* EmojiArtModel.Background.swift */,
				DDA3515626A87F1B0075248B /* UtilityExtensions.swift */,
				DDA3515726A87F1B0075248B /* UtilityViews.swift */,
				DDB130CE26A78A2900AAF0BD /* Assets.xcassets */,
				DDB130D326A78A2900AAF0BD /* Info.plist */,
				DDB130D026A78A2900AAF0BD /* Preview Content */,
			);
			path = EmojiArt;
			sourceTree = "<group>";
		};
		DDB130D026A78A2900AAF0BD /* Preview Content */ = {
			isa = PBXGroup;
			children = (
				DDB130D126A78A2900AAF0BD /* Preview Assets.xcassets */,
			);
			path = "Preview Content";
			sourceTree = "<group>";
		};
/* End PBXGroup section */

/* Begin PBXNativeTarget section */
		DDB130C626A78A2900AAF0BD /* EmojiArt */ = {
			isa = PBXNativeTarget;
			buildConfigurationList = DDB130D626A78A2900AAF0BD /* Build configuration list for PBXNativeTarget "EmojiArt" */;
			buildPhases = (
				DDB130C326A78A2900AAF0BD /* Sources */,
				DDB130C426A78A2900AAF0BD /* Frameworks */,
				DDB130C526A78A2900AAF0BD /* Resources */,
			);
			buildRules = (
			);
			dependencies = (
			);
			name = EmojiArt;
			productName = EmojiArt;
			productReference = DDB130C726A78A2900AAF0BD /* EmojiArt.app */;
			productType = "com.apple.product-type.application";
		};
/* End PBXNativeTarget section */

/* Begin PBXProject section */
		DDB130BF26A78A2800AAF0BD /* Project object */ = {
			isa = PBXProject;
			attributes = {
				LastSwiftUpdateCheck = 1230;
				LastUpgradeCheck = 1230;
				TargetAttributes = {
					DDB130C626A78A2900AAF0BD = {
						CreatedOnToolsVersion = 12.3;
					};
				};
			};
			buildConfigurationList = DDB130C226A78A2800AAF0BD /* Build configuration list for PBXProject "EmojiArt" */;
			compatibilityVersion = "Xcode 9.3";
			developmentRegion = en;
			hasScannedForEncodings = 0;
			knownRegions = (
				en,
				Base,
			);
			mainGroup = DDB130BE26A78A2800AAF0BD;
			productRefGroup = DDB130C826A78A2900AAF0BD /* Products */;
			projectDirPath = "";
			projectRoot = "";
			targets = (
				DDB130C626A78A2900AAF0BD /* EmojiArt */,
			);
		};
/* End PBXProject section */

/* Begin PBXResourcesBuildPhase section */
		DDB130C526A78A2900AAF0BD /* Resources */ = {
			isa = PBXResourcesBuildPhase;
			buildActionMask = 2147483647;
			files = (
				DDB130D226A78A2900AAF0BD /* Preview Assets.xcassets in Resources */,
				DDB130CF26A78A2900AAF0BD /* Assets.xcassets in Resources */,
			);
			runOnlyForDeploymentPostprocessing = 0;
		};
/* End PBXResourcesBuildPhase section */

/* Begin PBXSourcesBuildPhase section */
		DDB130C326A78A2900AAF0BD /* Sources */ = {
			isa = PBXSourcesBuildPhase;
			buildActionMask = 2147483647;
			files = (
				DDA3515926A87F1B0075248B /* UtilityViews.swift in Sources */,
				DD42CD4026D57B05006633D5 /* PaletteManager.swift in Sources */,
				DD42CD3726CECD25006633D5 /* PaletteStore.swift in Sources */,
				DD42CD3D26D4B43A006633D5 /* PaletteEditor.swift in Sources */,
				DDB130CD26A78A2900AAF0BD /* EmojiArtDocumentView.swift in Sources */,
				DDB130CB26A78A2900AAF0BD /* EmojiArtApp.swift in Sources */,
				DDA3515826A87F1B0075248B /* UtilityExtensions.swift in Sources */,
				DDA3515426A78FCD0075248B /* EmojiArtDocument.swift in Sources */,
				DDB130DB26A78A4600AAF0BD /* EmojiArtModel.swift in Sources */,
				DDB130DE26A78CFC00AAF0BD /* EmojiArtModel.Background.swift in Sources */,
				DD42CD3A26D42BB4006633D5 /* PaletteChooser.swift in Sources */,
			);
			runOnlyForDeploymentPostprocessing = 0;
		};
/* End PBXSourcesBuildPhase section */

/* Begin XCBuildConfiguration section */
		DDB130D426A78A2900AAF0BD /* Debug */ = {
			isa = XCBuildConfiguration;
			buildSettings = {
				ALWAYS_SEARCH_USER_PATHS = NO;
				CLANG_ANALYZER_NONNULL = YES;
				CLANG_ANALYZER_NUMBER_OBJECT_CONVERSION = YES_AGGRESSIVE;
				CLANG_CXX_LANGUAGE_STANDARD = "gnu++14";
				CLANG_CXX_LIBRARY = "libc++";
				CLANG_ENABLE_MODULES = YES;
				CLANG_ENABLE_OBJC_ARC = YES;
				CLANG_ENABLE_OBJC_WEAK = YES;
				CLANG_WARN_BLOCK_CAPTURE_AUTORELEASING = YES;
				CLANG_WARN_BOOL_CONVERSION = YES;
				CLANG_WARN_COMMA = YES;
				CLANG_WARN_CONSTANT_CONVERSION = YES;
				CLANG_WARN_DEPRECATED_OBJC_IMPLEMENTATIONS = YES;
				CLANG_WARN_DIRECT_OBJC_ISA_USAGE = YES_ERROR;
				CLANG_WARN_DOCUMENTATION_COMMENTS = YES;
				CLANG_WARN_EMPTY_BODY = YES;
				CLANG_WARN_ENUM_CONVERSION = YES;
				CLANG_WARN_INFINITE_RECURSION = YES;
				CLANG_WARN_INT_CONVERSION = YES;
				CLANG_WARN_NON_LITERAL_NULL_CONVERSION = YES;
				CLANG_WARN_OBJC_IMPLICIT_RETAIN_SELF = YES;
				CLANG_WARN_OBJC_LITERAL_CONVERSION = YES;
				CLANG_WARN_OBJC_ROOT_CLASS = YES_ERROR;
				CLANG_WARN_QUOTED_INCLUDE_IN_FRAMEWORK_HEADER = YES;
				CLANG_WARN_RANGE_LOOP_ANALYSIS = YES;
				CLANG_WARN_STRICT_PROTOTYPES = YES;
				CLANG_WARN_SUSPICIOUS_MOVE = YES;
				CLANG_WARN_UNGUARDED_AVAILABILITY = YES_AGGRESSIVE;
				CLANG_WARN_UNREACHABLE_CODE = YES;
				CLANG_WARN__DUPLICATE_METHOD_MATCH = YES;
				COPY_PHASE_STRIP = NO;
				DEBUG_INFORMATION_FORMAT = dwarf;
				ENABLE_STRICT_OBJC_MSGSEND = YES;
				ENABLE_TESTABILITY = YES;
				GCC_C_LANGUAGE_STANDARD = gnu11;
				GCC_DYNAMIC_NO_PIC = NO;
				GCC_NO_COMMON_BLOCKS = YES;
				GCC_OPTIMIZATION_LEVEL = 0;
				GCC_PREPROCESSOR_DEFINITIONS = (
					"DEBUG=1",
					"$(inherited)",
				);
				GCC_WARN_64_TO_32_BIT_CONVERSION = YES;
				GCC_WARN_ABOUT_RETURN_TYPE = YES_ERROR;
				GCC_WARN_UNDECLARED_SELECTOR = YES;
				GCC_WARN_UNINITIALIZED_AUTOS = YES_AGGRESSIVE;
				GCC_WARN_UNUSED_FUNCTION = YES;
				GCC_WARN_UNUSED_VARIABLE = YES;
				IPHONEOS_DEPLOYMENT_TARGET = 14.3;
				MTL_ENABLE_DEBUG_INFO = INCLUDE_SOURCE;
				MTL_FAST_MATH = YES;
				ONLY_ACTIVE_ARCH = YES;
				SDKROOT = iphoneos;
				SWIFT_ACTIVE_COMPILATION_CONDITIONS = DEBUG;
				SWIFT_OPTIMIZATION_LEVEL = "-Onone";
			};
			name = Debug;
		};
		DDB130D526A78A2900AAF0BD /* Release */ = {
			isa = XCBuildConfiguration;
			buildSettings = {
				ALWAYS_SEARCH_USER_PATHS = NO;
				CLANG_ANALYZER_NONNULL = YES;
				CLANG_ANALYZER_NUMBER_OBJECT_CONVERSION = YES_AGGRESSIVE;
				CLANG_CXX_LANGUAGE_STANDARD = "gnu++14";
				CLANG_CXX_LIBRARY = "libc++";
				CLANG_ENABLE_MODULES = YES;
				CLANG_ENABLE_OBJC_ARC = YES;
				CLANG_ENABLE_OBJC_WEAK = YES;
				CLANG_WARN_BLOCK_CAPTURE_AUTORELEASING = YES;
				CLANG_WARN_BOOL_CONVERSION = YES;
				CLANG_WARN_COMMA = YES;
				CLANG_WARN_CONSTANT_CONVERSION = YES;
				CLANG_WARN_DEPRECATED_OBJC_IMPLEMENTATIONS = YES;
				CLANG_WARN_DIRECT_OBJC_ISA_USAGE = YES_ERROR;
				CLANG_WARN_DOCUMENTATION_COMMENTS = YES;
				CLANG_WARN_EMPTY_BODY = YES;
				CLANG_WARN_ENUM_CONVERSION = YES;
				CLANG_WARN_INFINITE_RECURSION = YES;
				CLANG_WARN_INT_CONVERSION = YES;
				CLANG_WARN_NON_LITERAL_NULL_CONVERSION = YES;
				CLANG_WARN_OBJC_IMPLICIT_RETAIN_SELF = YES;
				CLANG_WARN_OBJC_LITERAL_CONVERSION = YES;
				CLANG_WARN_OBJC_ROOT_CLASS = YES_ERROR;
				CLANG_WARN_QUOTED_INCLUDE_IN_FRAMEWORK_HEADER = YES;
				CLANG_WARN_RANGE_LOOP_ANALYSIS = YES;
				CLANG_WARN_STRICT_PROTOTYPES = YES;
				CLANG_WARN_SUSPICIOUS_MOVE = YES;
				CLANG_WARN_UNGUARDED_AVAILABILITY = YES_AGGRESSIVE;
				CLANG_WARN_UNREACHABLE_CODE = YES;
				CLANG_WARN__DUPLICATE_METHOD_MATCH = YES;
				COPY_PHASE_STRIP = NO;
				DEBUG_INFORMATION_FORMAT = "dwarf-with-dsym";
				ENABLE_NS_ASSERTIONS = NO;
				ENABLE_STRICT_OBJC_MSGSEND = YES;
				GCC_C_LANGUAGE_STANDARD = gnu11;
				GCC_NO_COMMON_BLOCKS = YES;
				GCC_WARN_64_TO_32_BIT_CONVERSION = YES;
				GCC_WARN_ABOUT_RETURN_TYPE = YES_ERROR;
				GCC_WARN_UNDECLARED_SELECTOR = YES;
				GCC_WARN_UNINITIALIZED_AUTOS = YES_AGGRESSIVE;
				GCC_WARN_UNUSED_FUNCTION = YES;
				GCC_WARN_UNUSED_VARIABLE = YES;
				IPHONEOS_DEPLOYMENT_TARGET = 14.3;
				MTL_ENABLE_DEBUG_INFO = NO;
				MTL_FAST_MATH = YES;
				SDKROOT = iphoneos;
				SWIFT_COMPILATION_MODE = wholemodule;
				SWIFT_OPTIMIZATION_LEVEL = "-O";
				VALIDATE_PRODUCT = YES;
			};
			name = Release;
		};
		DDB130D726A78A2900AAF0BD /* Debug */ = {
			isa = XCBuildConfiguration;
			buildSettings = {
				ASSETCATALOG_COMPILER_APPICON_NAME = AppIcon;
				ASSETCATALOG_COMPILER_GLOBAL_ACCENT_COLOR_NAME = AccentColor;
				CODE_SIGN_STYLE = Automatic;
				DEVELOPMENT_ASSET_PATHS = "\"EmojiArt/Preview Content\"";
				DEVELOPMENT_TEAM = 68L9R8XN97;
				ENABLE_PREVIEWS = YES;
				INFOPLIST_FILE = EmojiArt/Info.plist;
				IPHONEOS_DEPLOYMENT_TARGET = 14.0;
				LD_RUNPATH_SEARCH_PATHS = (
					"$(inherited)",
					"@executable_path/Frameworks",
				);
				PRODUCT_BUNDLE_IDENTIFIER = edu.pitt.jrt93.EmojiArt;
				PRODUCT_NAME = "$(TARGET_NAME)";
				SWIFT_VERSION = 5.0;
				TARGETED_DEVICE_FAMILY = "1,2";
			};
			name = Debug;
		};
		DDB130D826A78A2900AAF0BD /* Release */ = {
			isa = XCBuildConfiguration;
			buildSettings = {
				ASSETCATALOG_COMPILER_APPICON_NAME = AppIcon;
				ASSETCATALOG_COMPILER_GLOBAL_ACCENT_COLOR_NAME = AccentColor;
				CODE_SIGN_STYLE = Automatic;
				DEVELOPMENT_ASSET_PATHS = "\"EmojiArt/Preview Content\"";
				DEVELOPMENT_TEAM = 68L9R8XN97;
				ENABLE_PREVIEWS = YES;
				INFOPLIST_FILE = EmojiArt/Info.plist;
				IPHONEOS_DEPLOYMENT_TARGET = 14.0;
				LD_RUNPATH_SEARCH_PATHS = (
					"$(inherited)",
					"@executable_path/Frameworks",
				);
				PRODUCT_BUNDLE_IDENTIFIER = edu.pitt.jrt93.EmojiArt;
				PRODUCT_NAME = "$(TARGET_NAME)";
				SWIFT_VERSION = 5.0;
				TARGETED_DEVICE_FAMILY = "1,2";
			};
			name = Release;
		};
/* End XCBuildConfiguration section */

/* Begin XCConfigurationList section */
		DDB130C226A78A2800AAF0BD /* Build configuration list for PBXProject "EmojiArt" */ = {
			isa = XCConfigurationList;
			buildConfigurations = (
				DDB130D426A78A2900AAF0BD /* Debug */,
				DDB130D526A78A2900AAF0BD /* Release */,
			);
			defaultConfigurationIsVisible = 0;
			defaultConfigurationName = Release;
		};
		DDB130D626A78A2900AAF0BD /* Build configuration list for PBXNativeTarget "EmojiArt" */ = {
			isa = XCConfigurationList;
			buildConfigurations = (
				DDB130D726A78A2900AAF0BD /* Debug */,
				DDB130D826A78A2900AAF0BD /* Release */,
			);
			defaultConfigurationIsVisible = 0;
			defaultConfigurationName = Release;
		};
/* End XCConfigurationList section */
	};
	rootObject = DDB130BF26A78A2800AAF0BD /* Project object */;
}
