// !$*UTF8*$!
{
	archiveVersion = 1;
	classes = {
	};
	objectVersion = 50;
	objects = {

/* Begin PBXBuildFile section */
		DD1EDE4B2677E9FB00198A0C /* AspectVGrid.swift in Sources */ = {isa = PBXBuildFile; fileRef = DD1EDE4A2677E9FB00198A0C /* AspectVGrid.swift */; };
		DD4F18A426780BD100B4A917 /* Pie.swift in Sources */ = {isa = PBXBuildFile; fileRef = DD4F18A326780BD100B4A917 /* Pie.swift */; };
		DD63441F269389510044D36F /* Cardify.swift in Sources */ = {isa = PBXBuildFile; fileRef = DD63441E269389510044D36F /* Cardify.swift */; };
		DDA6C8872652C92D00DE36B5 /* Memorize_App.swift in Sources */ = {isa = PBXBuildFile; fileRef = DDA6C8862652C92D00DE36B5 /* Memorize_App.swift */; };
		DDA6C8892652C92D00DE36B5 /* EmojiMemoryGameView.swift in Sources */ = {isa = PBXBuildFile; fileRef = DDA6C8882652C92D00DE36B5 /* EmojiMemoryGameView.swift */; };
		DDA6C88B2652C92E00DE36B5 /* Assets.xcassets in Resources */ = {isa = PBXBuildFile; fileRef = DDA6C88A2652C92E00DE36B5 /* Assets.xcassets */; };
		DDA6C88E2652C92E00DE36B5 /* Preview Assets.xcassets in Resources */ = {isa = PBXBuildFile; fileRef = DDA6C88D2652C92E00DE36B5 /* Preview Assets.xcassets */; };
		DDA6C8A6265C75F300DE36B5 /* MemoryGame.swift in Sources */ = {isa = PBXBuildFile; fileRef = DDA6C8A5265C75F300DE36B5 /* MemoryGame.swift */; };
		DDA6C8A9265C782600DE36B5 /* EmojiMemoryGame.swift in Sources */ = {isa = PBXBuildFile; fileRef = DDA6C8A8265C782600DE36B5 /* EmojiMemoryGame.swift */; };
		DDF08A17265FDFE50063119E /* Theme.swift in Sources */ = {isa = PBXBuildFile; fileRef = DDF08A16265FDFE50063119E /* Theme.swift */; };
/* End PBXBuildFile section */

/* Begin PBXFileReference section */
		DD1EDE4A2677E9FB00198A0C /* AspectVGrid.swift */ = {isa = PBXFileReference; lastKnownFileType = sourcecode.swift; path = AspectVGrid.swift; sourceTree = "<group>"; };
		DD4F18A326780BD100B4A917 /* Pie.swift */ = {isa = PBXFileReference; lastKnownFileType = sourcecode.swift; path = Pie.swift; sourceTree = "<group>"; };
		DD63441E269389510044D36F /* Cardify.swift */ = {isa = PBXFileReference; lastKnownFileType = sourcecode.swift; path = Cardify.swift; sourceTree = "<group>"; };
		DDA6C8832652C92D00DE36B5 /* Memorize!.app */ = {isa = PBXFileReference; explicitFileType = wrapper.application; includeInIndex = 0; path = "Memorize!.app"; sourceTree = BUILT_PRODUCTS_DIR; };
		DDA6C8862652C92D00DE36B5 /* Memorize_App.swift */ = {isa = PBXFileReference; lastKnownFileType = sourcecode.swift; path = Memorize_App.swift; sourceTree = "<group>"; };
		DDA6C8882652C92D00DE36B5 /* EmojiMemoryGameView.swift */ = {isa = PBXFileReference; lastKnownFileType = sourcecode.swift; path = EmojiMemoryGameView.swift; sourceTree = "<group>"; };
		DDA6C88A2652C92E00DE36B5 /* Assets.xcassets */ = {isa = PBXFileReference; lastKnownFileType = folder.assetcatalog; path = Assets.xcassets; sourceTree = "<group>"; };
		DDA6C88D2652C92E00DE36B5 /* Preview Assets.xcassets */ = {isa = PBXFileReference; lastKnownFileType = folder.assetcatalog; path = "Preview Assets.xcassets"; sourceTree = "<group>"; };
		DDA6C88F2652C92E00DE36B5 /* Info.plist */ = {isa = PBXFileReference; lastKnownFileType = text.plist.xml; path = Info.plist; sourceTree = "<group>"; };
		DDA6C8A5265C75F300DE36B5 /* MemoryGame.swift */ = {isa = PBXFileReference; lastKnownFileType = sourcecode.swift; path = MemoryGame.swift; sourceTree = "<group>"; };
		DDA6C8A8265C782600DE36B5 /* EmojiMemoryGame.swift */ = {isa = PBXFileReference; lastKnownFileType = sourcecode.swift; path = EmojiMemoryGame.swift; sourceTree = "<group>"; };
		DDF08A16265FDFE50063119E /* Theme.swift */ = {isa = PBXFileReference; lastKnownFileType = sourcecode.swift; path = Theme.swift; sourceTree = "<group>"; };
/* End PBXFileReference section */

/* Begin PBXFrameworksBuildPhase section */
		DDA6C8802652C92D00DE36B5 /* Frameworks */ = {
			isa = PBXFrameworksBuildPhase;
			buildActionMask = 2147483647;
			files = (
			);
			runOnlyForDeploymentPostprocessing = 0;
		};
/* End PBXFrameworksBuildPhase section */

/* Begin PBXGroup section */
		DDA6C87A2652C92D00DE36B5 = {
			isa = PBXGroup;
			children = (
				DDA6C8852652C92D00DE36B5 /* Memorize! */,
				DDA6C8842652C92D00DE36B5 /* Products */,
			);
			sourceTree = "<group>";
		};
		DDA6C8842652C92D00DE36B5 /* Products */ = {
			isa = PBXGroup;
			children = (
				DDA6C8832652C92D00DE36B5 /* Memorize!.app */,
			);
			name = Products;
			sourceTree = "<group>";
		};
		DDA6C8852652C92D00DE36B5 /* Memorize! */ = {
			isa = PBXGroup;
			children = (
				DDA6C8862652C92D00DE36B5 /* Memorize_App.swift */,
				DDA6C8882652C92D00DE36B5 /* EmojiMemoryGameView.swift */,
				DD63441E269389510044D36F /* Cardify.swift */,
				DD1EDE4A2677E9FB00198A0C /* AspectVGrid.swift */,
				DDA6C8A5265C75F300DE36B5 /* MemoryGame.swift */,
				DD4F18A326780BD100B4A917 /* Pie.swift */,
				DDF08A16265FDFE50063119E /* Theme.swift */,
				DDA6C8A8265C782600DE36B5 /* EmojiMemoryGame.swift */,
				DDA6C88A2652C92E00DE36B5 /* Assets.xcassets */,
				DDA6C88F2652C92E00DE36B5 /* Info.plist */,
				DDA6C88C2652C92E00DE36B5 /* Preview Content */,
			);
			path = "Memorize!";
			sourceTree = "<group>";
		};
		DDA6C88C2652C92E00DE36B5 /* Preview Content */ = {
			isa = PBXGroup;
			children = (
				DDA6C88D2652C92E00DE36B5 /* Preview Assets.xcassets */,
			);
			path = "Preview Content";
			sourceTree = "<group>";
		};
/* End PBXGroup section */

/* Begin PBXNativeTarget section */
		DDA6C8822652C92D00DE36B5 /* Memorize! */ = {
			isa = PBXNativeTarget;
			buildConfigurationList = DDA6C8922652C92E00DE36B5 /* Build configuration list for PBXNativeTarget "Memorize!" */;
			buildPhases = (
				DDA6C87F2652C92D00DE36B5 /* Sources */,
				DDA6C8802652C92D00DE36B5 /* Frameworks */,
				DDA6C8812652C92D00DE36B5 /* Resources */,
			);
			buildRules = (
			);
			dependencies = (
			);
			name = "Memorize!";
			productName = "Memorize!";
			productReference = DDA6C8832652C92D00DE36B5 /* Memorize!.app */;
			productType = "com.apple.product-type.application";
		};
/* End PBXNativeTarget section */

/* Begin PBXProject section */
		DDA6C87B2652C92D00DE36B5 /* Project object */ = {
			isa = PBXProject;
			attributes = {
				LastSwiftUpdateCheck = 1230;
				LastUpgradeCheck = 1230;
				TargetAttributes = {
					DDA6C8822652C92D00DE36B5 = {
						CreatedOnToolsVersion = 12.3;
					};
				};
			};
			buildConfigurationList = DDA6C87E2652C92D00DE36B5 /* Build configuration list for PBXProject "Memorize!" */;
			compatibilityVersion = "Xcode 9.3";
			developmentRegion = en;
			hasScannedForEncodings = 0;
			knownRegions = (
				en,
				Base,
			);
			mainGroup = DDA6C87A2652C92D00DE36B5;
			productRefGroup = DDA6C8842652C92D00DE36B5 /* Products */;
			projectDirPath = "";
			projectRoot = "";
			targets = (
				DDA6C8822652C92D00DE36B5 /* Memorize! */,
			);
		};
/* End PBXProject section */

/* Begin PBXResourcesBuildPhase section */
		DDA6C8812652C92D00DE36B5 /* Resources */ = {
			isa = PBXResourcesBuildPhase;
			buildActionMask = 2147483647;
			files = (
				DDA6C88E2652C92E00DE36B5 /* Preview Assets.xcassets in Resources */,
				DDA6C88B2652C92E00DE36B5 /* Assets.xcassets in Resources */,
			);
			runOnlyForDeploymentPostprocessing = 0;
		};
/* End PBXResourcesBuildPhase section */

/* Begin PBXSourcesBuildPhase section */
		DDA6C87F2652C92D00DE36B5 /* Sources */ = {
			isa = PBXSourcesBuildPhase;
			buildActionMask = 2147483647;
			files = (
				DDF08A17265FDFE50063119E /* Theme.swift in Sources */,
				DDA6C8A6265C75F300DE36B5 /* MemoryGame.swift in Sources */,
				DD63441F269389510044D36F /* Cardify.swift in Sources */,
				DD1EDE4B2677E9FB00198A0C /* AspectVGrid.swift in Sources */,
				DDA6C8892652C92D00DE36B5 /* EmojiMemoryGameView.swift in Sources */,
				DD4F18A426780BD100B4A917 /* Pie.swift in Sources */,
				DDA6C8872652C92D00DE36B5 /* Memorize_App.swift in Sources */,
				DDA6C8A9265C782600DE36B5 /* EmojiMemoryGame.swift in Sources */,
			);
			runOnlyForDeploymentPostprocessing = 0;
		};
/* End PBXSourcesBuildPhase section */

/* Begin XCBuildConfiguration section */
		DDA6C8902652C92E00DE36B5 /* Debug */ = {
			isa = XCBuildConfiguration;
			buildSettings = {
				ALWAYS_SEARCH_USER_PATHS = NO;
				CLANG_ANALYZER_NONNULL = YES;
				CLANG_ANALYZER_NUMBER_OBJECT_CONVERSION = YES_AGGRESSIVE;
				CLANG_CXX_LANGUAGE_STANDARD = "gnu++14";
				CLANG_CXX_LIBRARY = "libc++";
				CLANG_ENABLE_MODULES = YES;
				CLANG_ENABLE_OBJC_ARC = YES;
				CLANG_ENABLE_OBJC_WEAK = YES;
				CLANG_WARN_BLOCK_CAPTURE_AUTORELEASING = YES;
				CLANG_WARN_BOOL_CONVERSION = YES;
				CLANG_WARN_COMMA = YES;
				CLANG_WARN_CONSTANT_CONVERSION = YES;
				CLANG_WARN_DEPRECATED_OBJC_IMPLEMENTATIONS = YES;
				CLANG_WARN_DIRECT_OBJC_ISA_USAGE = YES_ERROR;
				CLANG_WARN_DOCUMENTATION_COMMENTS = YES;
				CLANG_WARN_EMPTY_BODY = YES;
				CLANG_WARN_ENUM_CONVERSION = YES;
				CLANG_WARN_INFINITE_RECURSION = YES;
				CLANG_WARN_INT_CONVERSION = YES;
				CLANG_WARN_NON_LITERAL_NULL_CONVERSION = YES;
				CLANG_WARN_OBJC_IMPLICIT_RETAIN_SELF = YES;
				CLANG_WARN_OBJC_LITERAL_CONVERSION = YES;
				CLANG_WARN_OBJC_ROOT_CLASS = YES_ERROR;
				CLANG_WARN_QUOTED_INCLUDE_IN_FRAMEWORK_HEADER = YES;
				CLANG_WARN_RANGE_LOOP_ANALYSIS = YES;
				CLANG_WARN_STRICT_PROTOTYPES = YES;
				CLANG_WARN_SUSPICIOUS_MOVE = YES;
				CLANG_WARN_UNGUARDED_AVAILABILITY = YES_AGGRESSIVE;
				CLANG_WARN_UNREACHABLE_CODE = YES;
				CLANG_WARN__DUPLICATE_METHOD_MATCH = YES;
				COPY_PHASE_STRIP = NO;
				DEBUG_INFORMATION_FORMAT = dwarf;
				ENABLE_STRICT_OBJC_MSGSEND = YES;
				ENABLE_TESTABILITY = YES;
				GCC_C_LANGUAGE_STANDARD = gnu11;
				GCC_DYNAMIC_NO_PIC = NO;
				GCC_NO_COMMON_BLOCKS = YES;
				GCC_OPTIMIZATION_LEVEL = 0;
				GCC_PREPROCESSOR_DEFINITIONS = (
					"DEBUG=1",
					"$(inherited)",
				);
				GCC_WARN_64_TO_32_BIT_CONVERSION = YES;
				GCC_WARN_ABOUT_RETURN_TYPE = YES_ERROR;
				GCC_WARN_UNDECLARED_SELECTOR = YES;
				GCC_WARN_UNINITIALIZED_AUTOS = YES_AGGRESSIVE;
				GCC_WARN_UNUSED_FUNCTION = YES;
				GCC_WARN_UNUSED_VARIABLE = YES;
				IPHONEOS_DEPLOYMENT_TARGET = 14.3;
				MTL_ENABLE_DEBUG_INFO = INCLUDE_SOURCE;
				MTL_FAST_MATH = YES;
				ONLY_ACTIVE_ARCH = YES;
				SDKROOT = iphoneos;
				SWIFT_ACTIVE_COMPILATION_CONDITIONS = DEBUG;
				SWIFT_OPTIMIZATION_LEVEL = "-Onone";
			};
			name = Debug;
		};
		DDA6C8912652C92E00DE36B5 /* Release */ = {
			isa = XCBuildConfiguration;
			buildSettings = {
				ALWAYS_SEARCH_USER_PATHS = NO;
				CLANG_ANALYZER_NONNULL = YES;
				CLANG_ANALYZER_NUMBER_OBJECT_CONVERSION = YES_AGGRESSIVE;
				CLANG_CXX_LANGUAGE_STANDARD = "gnu++14";
				CLANG_CXX_LIBRARY = "libc++";
				CLANG_ENABLE_MODULES = YES;
				CLANG_ENABLE_OBJC_ARC = YES;
				CLANG_ENABLE_OBJC_WEAK = YES;
				CLANG_WARN_BLOCK_CAPTURE_AUTORELEASING = YES;
				CLANG_WARN_BOOL_CONVERSION = YES;
				CLANG_WARN_COMMA = YES;
				CLANG_WARN_CONSTANT_CONVERSION = YES;
				CLANG_WARN_DEPRECATED_OBJC_IMPLEMENTATIONS = YES;
				CLANG_WARN_DIRECT_OBJC_ISA_USAGE = YES_ERROR;
				CLANG_WARN_DOCUMENTATION_COMMENTS = YES;
				CLANG_WARN_EMPTY_BODY = YES;
				CLANG_WARN_ENUM_CONVERSION = YES;
				CLANG_WARN_INFINITE_RECURSION = YES;
				CLANG_WARN_INT_CONVERSION = YES;
				CLANG_WARN_NON_LITERAL_NULL_CONVERSION = YES;
				CLANG_WARN_OBJC_IMPLICIT_RETAIN_SELF = YES;
				CLANG_WARN_OBJC_LITERAL_CONVERSION = YES;
				CLANG_WARN_OBJC_ROOT_CLASS = YES_ERROR;
				CLANG_WARN_QUOTED_INCLUDE_IN_FRAMEWORK_HEADER = YES;
				CLANG_WARN_RANGE_LOOP_ANALYSIS = YES;
				CLANG_WARN_STRICT_PROTOTYPES = YES;
				CLANG_WARN_SUSPICIOUS_MOVE = YES;
				CLANG_WARN_UNGUARDED_AVAILABILITY = YES_AGGRESSIVE;
				CLANG_WARN_UNREACHABLE_CODE = YES;
				CLANG_WARN__DUPLICATE_METHOD_MATCH = YES;
				COPY_PHASE_STRIP = NO;
				DEBUG_INFORMATION_FORMAT = "dwarf-with-dsym";
				ENABLE_NS_ASSERTIONS = NO;
				ENABLE_STRICT_OBJC_MSGSEND = YES;
				GCC_C_LANGUAGE_STANDARD = gnu11;
				GCC_NO_COMMON_BLOCKS = YES;
				GCC_WARN_64_TO_32_BIT_CONVERSION = YES;
				GCC_WARN_ABOUT_RETURN_TYPE = YES_ERROR;
				GCC_WARN_UNDECLARED_SELECTOR = YES;
				GCC_WARN_UNINITIALIZED_AUTOS = YES_AGGRESSIVE;
				GCC_WARN_UNUSED_FUNCTION = YES;
				GCC_WARN_UNUSED_VARIABLE = YES;
				IPHONEOS_DEPLOYMENT_TARGET = 14.3;
				MTL_ENABLE_DEBUG_INFO = NO;
				MTL_FAST_MATH = YES;
				SDKROOT = iphoneos;
				SWIFT_COMPILATION_MODE = wholemodule;
				SWIFT_OPTIMIZATION_LEVEL = "-O";
				VALIDATE_PRODUCT = YES;
			};
			name = Release;
		};
		DDA6C8932652C92E00DE36B5 /* Debug */ = {
			isa = XCBuildConfiguration;
			buildSettings = {
				ASSETCATALOG_COMPILER_APPICON_NAME = AppIcon;
				ASSETCATALOG_COMPILER_GLOBAL_ACCENT_COLOR_NAME = AccentColor;
				CODE_SIGN_STYLE = Automatic;
				DEVELOPMENT_ASSET_PATHS = "\"Memorize!/Preview Content\"";
				DEVELOPMENT_TEAM = 68L9R8XN97;
				ENABLE_PREVIEWS = YES;
				INFOPLIST_FILE = "Memorize!/Info.plist";
				IPHONEOS_DEPLOYMENT_TARGET = 14.0;
				LD_RUNPATH_SEARCH_PATHS = (
					"$(inherited)",
					"@executable_path/Frameworks",
				);
				PRODUCT_BUNDLE_IDENTIFIER = "edu.pitt.jrt93.Memorize-";
				PRODUCT_NAME = "$(TARGET_NAME)";
				SWIFT_VERSION = 5.0;
				TARGETED_DEVICE_FAMILY = "1,2";
			};
			name = Debug;
		};
		DDA6C8942652C92E00DE36B5 /* Release */ = {
			isa = XCBuildConfiguration;
			buildSettings = {
				ASSETCATALOG_COMPILER_APPICON_NAME = AppIcon;
				ASSETCATALOG_COMPILER_GLOBAL_ACCENT_COLOR_NAME = AccentColor;
				CODE_SIGN_STYLE = Automatic;
				DEVELOPMENT_ASSET_PATHS = "\"Memorize!/Preview Content\"";
				DEVELOPMENT_TEAM = 68L9R8XN97;
				ENABLE_PREVIEWS = YES;
				INFOPLIST_FILE = "Memorize!/Info.plist";
				IPHONEOS_DEPLOYMENT_TARGET = 14.0;
				LD_RUNPATH_SEARCH_PATHS = (
					"$(inherited)",
					"@executable_path/Frameworks",
				);
				PRODUCT_BUNDLE_IDENTIFIER = "edu.pitt.jrt93.Memorize-";
				PRODUCT_NAME = "$(TARGET_NAME)";
				SWIFT_VERSION = 5.0;
				TARGETED_DEVICE_FAMILY = "1,2";
			};
			name = Release;
		};
/* End XCBuildConfiguration section */

/* Begin XCConfigurationList section */
		DDA6C87E2652C92D00DE36B5 /* Build configuration list for PBXProject "Memorize!" */ = {
			isa = XCConfigurationList;
			buildConfigurations = (
				DDA6C8902652C92E00DE36B5 /* Debug */,
				DDA6C8912652C92E00DE36B5 /* Release */,
			);
			defaultConfigurationIsVisible = 0;
			defaultConfigurationName = Release;
		};
		DDA6C8922652C92E00DE36B5 /* Build configuration list for PBXNativeTarget "Memorize!" */ = {
			isa = XCConfigurationList;
			buildConfigurations = (
				DDA6C8932652C92E00DE36B5 /* Debug */,
				DDA6C8942652C92E00DE36B5 /* Release */,
			);
			defaultConfigurationIsVisible = 0;
			defaultConfigurationName = Release;
		};
/* End XCConfigurationList section */
	};
	rootObject = DDA6C87B2652C92D00DE36B5 /* Project object */;
}
